
Microsoft Visual Studio Solution File, Format Version 12.00
# Visual Studio Version 17
VisualStudioVersion = 17.11.35312.102
MinimumVisualStudioVersion = 10.0.40219.1
Project("{FAE04EC0-301F-11D3-BF4B-00C04F79EFBC}") = "Geek_API", "Geek_API\Geek_API.csproj", "{189ED2BE-7A89-4CC5-B70E-3A6FD623D7C1}"
EndProject
Project("{FAE04EC0-301F-11D3-BF4B-00C04F79EFBC}") = "Core", "Core\Core.csproj", "{40CDBEB6-1D35-4D56-8F5B-D64F735D5A43}"
EndProject
Project("{FAE04EC0-301F-11D3-BF4B-00C04F79EFBC}") = "DataAccess", "DataAccess\DataAccess.csproj", "{26C391BF-FDE8-4672-86AA-9D44EDC90BCA}"
EndProject
Project("{FAE04EC0-301F-11D3-BF4B-00C04F79EFBC}") = "Application", "Application\Application.csproj", "{F6D67A73-8C7B-4089-ABCB-82ED885668B4}"
EndProject
Global
	GlobalSection(SolutionConfigurationPlatforms) = preSolution
		Debug|Any CPU = Debug|Any CPU
		Release|Any CPU = Release|Any CPU
	EndGlobalSection
	GlobalSection(ProjectConfigurationPlatforms) = postSolution
		{189ED2BE-7A89-4CC5-B70E-3A6FD623D7C1}.Debug|Any CPU.ActiveCfg = Debug|Any CPU
		{189ED2BE-7A89-4CC5-B70E-3A6FD623D7C1}.Debug|Any CPU.Build.0 = Debug|Any CPU
		{189ED2BE-7A89-4CC5-B70E-3A6FD623D7C1}.Release|Any CPU.ActiveCfg = Release|Any CPU
		{189ED2BE-7A89-4CC5-B70E-3A6FD623D7C1}.Release|Any CPU.Build.0 = Release|Any CPU
		{40CDBEB6-1D35-4D56-8F5B-D64F735D5A43}.Debug|Any CPU.ActiveCfg = Debug|Any CPU
		{40CDBEB6-1D35-4D56-8F5B-D64F735D5A43}.Debug|Any CPU.Build.0 = Debug|Any CPU
		{40CDBEB6-1D35-4D56-8F5B-D64F735D5A43}.Release|Any CPU.ActiveCfg = Release|Any CPU
		{40CDBEB6-1D35-4D56-8F5B-D64F735D5A43}.Release|Any CPU.Build.0 = Release|Any CPU
		{26C391BF-FDE8-4672-86AA-9D44EDC90BCA}.Debug|Any CPU.ActiveCfg = Debug|Any CPU
		{26C391BF-FDE8-4672-86AA-9D44EDC90BCA}.Debug|Any CPU.Build.0 = Debug|Any CPU
		{26C391BF-FDE8-4672-86AA-9D44EDC90BCA}.Release|Any CPU.ActiveCfg = Release|Any CPU
		{26C391BF-FDE8-4672-86AA-9D44EDC90BCA}.Release|Any CPU.Build.0 = Release|Any CPU
		{F6D67A73-8C7B-4089-ABCB-82ED885668B4}.Debug|Any CPU.ActiveCfg = Debug|Any CPU
		{F6D67A73-8C7B-4089-ABCB-82ED885668B4}.Debug|Any CPU.Build.0 = Debug|Any CPU
		{F6D67A73-8C7B-4089-ABCB-82ED885668B4}.Release|Any CPU.ActiveCfg = Release|Any CPU
		{F6D67A73-8C7B-4089-ABCB-82ED885668B4}.Release|Any CPU.Build.0 = Release|Any CPU
	EndGlobalSection
	GlobalSection(SolutionProperties) = preSolution
		HideSolutionNode = FALSE
	EndGlobalSection
	GlobalSection(ExtensibilityGlobals) = postSolution
		SolutionGuid = {F1899FA7-2E93-4A00-8A0D-8D0C08A7956C}
	EndGlobalSection
EndGlobal
